<?xml version="1.0" encoding="utf-8"?>
<Project ToolsVersion="4.0" xmlns="http://schemas.microsoft.com/developer/msbuild/2003">
  <ItemGroup>
    <Filter Include="Source Files">
      <UniqueIdentifier>{4FC737F1-C7A5-4376-A066-2A32D752A2FF}</UniqueIdentifier>
      <Extensions>cpp;c;cc;cxx;def;odl;idl;hpj;bat;asm;asmx</Extensions>
    </Filter>
    <Filter Include="Header Files">
      <UniqueIdentifier>{93995380-89BD-4b04-88EB-625FBE52EBFB}</UniqueIdentifier>
      <Extensions>h;hpp;hxx;hm;inl;inc;xsd</Extensions>
    </Filter>
    <Filter Include="Resource Files">
      <UniqueIdentifier>{67DA6AB6-F800-4c08-8B7A-83BB121AAD01}</UniqueIdentifier>
      <Extensions>rc;ico;cur;bmp;dlg;rc2;rct;bin;rgs;gif;jpg;jpeg;jpe;resx;tiff;tif;png;wav;mfcribbon-ms</Extensions>
    </Filter>
  </ItemGroup>
  <ItemGroup>
    <ClCompile Include="CAFDecoder.cpp">
      <Filter>Source Files</Filter>
    </ClCompile>
    <ClCompile Include="CAFMetaData.cpp">
      <Filter>Source Files</Filter>
    </ClCompile>
    <ClCompile Include="cautil.cpp">
      <Filter>Source Files</Filter>
    </ClCompile>
    <ClCompile Include="chanmap.cpp">
      <Filter>Source Files</Filter>
    </ClCompile>
    <ClCompile Include="input_caf.cpp">
      <Filter>Source Files</Filter>
    </ClCompile>
    <ClCompile Include="init.cpp">
      <Filter>Source Files</Filter>
    </ClCompile>
    <ClCompile Include="strutil.cpp">
      <Filter>Source Files</Filter>
    </ClCompile>
  </ItemGroup>
  <ItemGroup>
    <ClInclude Include="AudioFileX.h">
      <Filter>Header Files</Filter>
    </ClInclude>
    <ClInclude Include="CAFDecoder.h">
      <Filter>Header Files</Filter>
    </ClInclude>
    <ClInclude Include="CAFMetaData.h">
      <Filter>Header Files</Filter>
    </ClInclude>
    <ClInclude Include="cautil.h">
      <Filter>Header Files</Filter>
    </ClInclude>
    <ClInclude Include="chanmap.h">
      <Filter>Header Files</Filter>
    </ClInclude>
    <ClInclude Include="CoreAudio\AudioFile.h">
      <Filter>Header Files</Filter>
    </ClInclude>
    <ClInclude Include="CoreAudio\AudioFormat.h">
      <Filter>Header Files</Filter>
    </ClInclude>
    <ClInclude Include="CoreAudio\CoreAudioTypes.h">
      <Filter>Header Files</Filter>
    </ClInclude>
    <ClInclude Include="CoreAudio\CoreFoundation.h">
      <Filter>Header Files</Filter>
    </ClInclude>
    <ClInclude Include="CoreAudio\MacTypes.h">
      <Filter>Header Files</Filter>
    </ClInclude>
    <ClInclude Include="dl.h">
      <Filter>Header Files</Filter>
    </ClInclude>
    <ClInclude Include="ExtAudioFileX.h">
      <Filter>Header Files</Filter>
    </ClInclude>
    <ClInclude Include="init.h">
      <Filter>Header Files</Filter>
    </ClInclude>
    <ClInclude Include="input_caf.h">
      <Filter>Header Files</Filter>
    </ClInclude>
    <ClInclude Include="StreamReaderImpl.h">
      <Filter>Header Files</Filter>
    </ClInclude>
    <ClInclude Include="strutil.h">
      <Filter>Header Files</Filter>
    </ClInclude>
    <ClInclude Include="util.h">
      <Filter>Header Files</Filter>
    </ClInclude>
    <ClInclude Include="win32util.h">
      <Filter>Header Files</Filter>
    </ClInclude>
  </ItemGroup>
</Project>
